// !$*UTF8*$!
{
	archiveVersion = 1;
	classes = {
	};
	objectVersion = 71;
	objects = {

/* Begin PBXFileReference section */
		A00000000000000000000001 /* CirrondlyDesk.app */ = {isa = PBXFileReference; explicitFileType = wrapper.application; includeInIndex = 0; path = CirrondlyDesk.app; sourceTree = BUILT_PRODUCTS_DIR; };
		A00000000000000000000010 /* CirrondlyDeskTests.xctest */ = {isa = PBXFileReference; explicitFileType = wrapper.cfbundle; includeInIndex = 0; path = CirrondlyDeskTests.xctest; sourceTree = BUILT_PRODUCTS_DIR; };
/* End PBXFileReference section */

/* Begin PBXFileSystemSynchronizedRootGroup section */
		A00000000000000000000002 /* CirrondlyDesk */ = {isa = PBXFileSystemSynchronizedRootGroup; explicitFileTypes = {}; explicitFolders = (); path = CirrondlyDesk; sourceTree = "<group>"; };
		A00000000000000000000011 /* Tests */ = {isa = PBXFileSystemSynchronizedRootGroup; explicitFileTypes = {}; explicitFolders = (); path = Tests; sourceTree = "<group>"; };
/* End PBXFileSystemSynchronizedRootGroup section */

/* Begin PBXContainerItemProxy section */
		A00000000000000000000012 /* PBXContainerItemProxy */ = {
			isa = PBXContainerItemProxy;
			containerPortal = A0000000000000000000000A /* Project object */;
			proxyType = 1;
			remoteGlobalIDString = A00000000000000000000006;
			remoteInfo = CirrondlyDesk;
		};
/* End PBXContainerItemProxy section */

/* Begin PBXFrameworksBuildPhase section */
		A00000000000000000000003 /* Frameworks */ = {
			isa = PBXFrameworksBuildPhase;
			buildActionMask = 2147483647;
			files = (
			);
			runOnlyForDeploymentPostprocessing = 0;
		};
		A00000000000000000000013 /* Frameworks */ = {
			isa = PBXFrameworksBuildPhase;
			buildActionMask = 2147483647;
			files = (
			);
			runOnlyForDeploymentPostprocessing = 0;
		};
/* End PBXFrameworksBuildPhase section */

/* Begin PBXGroup section */
		A00000000000000000000004 = {
			isa = PBXGroup;
			children = (
				A00000000000000000000002 /* CirrondlyDesk */,
				A00000000000000000000011 /* Tests */,
				A00000000000000000000005 /* Products */,
			);
			sourceTree = "<group>";
		};
		A00000000000000000000005 /* Products */ = {
			isa = PBXGroup;
			children = (
				A00000000000000000000001 /* CirrondlyDesk.app */,
				A00000000000000000000010 /* CirrondlyDeskTests.xctest */,
			);
			name = Products;
			sourceTree = "<group>";
		};
/* End PBXGroup section */

/* Begin PBXNativeTarget section */
		A00000000000000000000006 /* CirrondlyDesk */ = {
			isa = PBXNativeTarget;
			buildConfigurationList = A00000000000000000000007 /* Build configuration list for PBXNativeTarget "CirrondlyDesk" */;
			buildPhases = (
				A00000000000000000000008 /* Sources */,
				A00000000000000000000003 /* Frameworks */,
				A00000000000000000000009 /* Resources */,
			);
			buildRules = (
			);
			dependencies = (
			);
			fileSystemSynchronizedGroups = (
				A00000000000000000000002 /* CirrondlyDesk */,
			);
			name = CirrondlyDesk;
			packageProductDependencies = (
			);
			productName = CirrondlyDesk;
			productReference = A00000000000000000000001 /* CirrondlyDesk.app */;
			productType = "com.apple.product-type.application";
		};
		A00000000000000000000014 /* CirrondlyDeskTests */ = {
			isa = PBXNativeTarget;
			buildConfigurationList = A00000000000000000000019 /* Build configuration list for PBXNativeTarget "CirrondlyDeskTests" */;
			buildPhases = (
				A00000000000000000000016 /* Sources */,
				A00000000000000000000013 /* Frameworks */,
			);
			buildRules = (
			);
			dependencies = (
				A00000000000000000000015 /* PBXTargetDependency */,
			);
			fileSystemSynchronizedGroups = (
				A00000000000000000000011 /* Tests */,
			);
			name = CirrondlyDeskTests;
			packageProductDependencies = (
			);
			productName = CirrondlyDeskTests;
			productReference = A00000000000000000000010 /* CirrondlyDeskTests.xctest */;
			productType = "com.apple.product-type.bundle.unit-test";
		};
/* End PBXNativeTarget section */

/* Begin PBXProject section */
		A0000000000000000000000A /* Project object */ = {
			isa = PBXProject;
			attributes = {
				BuildIndependentTargetsInParallel = 1;
				LastSwiftUpdateCheck = 1640;
				LastUpgradeCheck = 1640;
				TargetAttributes = {
					A00000000000000000000006 = {
						CreatedOnToolsVersion = 16.4;
					};
					A00000000000000000000014 = {
						CreatedOnToolsVersion = 16.4;
						TestTargetID = A00000000000000000000006;
					};
				};
			};
			buildConfigurationList = A0000000000000000000000B /* Build configuration list for PBXProject "CirrondlyDesk" */;
			compatibilityVersion = "Xcode 16.0";
			developmentRegion = en;
			hasScannedForEncodings = 0;
			knownRegions = (
				en,
				Base,
			);
			mainGroup = A00000000000000000000004;
			minimizedProjectReferenceProxies = 1;
			productRefGroup = A00000000000000000000005 /* Products */;
			projectDirPath = "";
			projectRoot = "";
			targets = (
				A00000000000000000000006 /* CirrondlyDesk */,
				A00000000000000000000014 /* CirrondlyDeskTests */,
			);
		};
/* End PBXProject section */

/* Begin PBXResourcesBuildPhase section */
		A00000000000000000000009 /* Resources */ = {
			isa = PBXResourcesBuildPhase;
			buildActionMask = 2147483647;
			files = (
			);
			runOnlyForDeploymentPostprocessing = 0;
		};
/* End PBXResourcesBuildPhase section */

/* Begin PBXSourcesBuildPhase section */
		A00000000000000000000008 /* Sources */ = {
			isa = PBXSourcesBuildPhase;
			buildActionMask = 2147483647;
			files = (
			);
			runOnlyForDeploymentPostprocessing = 0;
		};
		A00000000000000000000016 /* Sources */ = {
			isa = PBXSourcesBuildPhase;
			buildActionMask = 2147483647;
			files = (
			);
			runOnlyForDeploymentPostprocessing = 0;
		};
/* End PBXSourcesBuildPhase section */

/* Begin PBXTargetDependency section */
		A00000000000000000000015 /* PBXTargetDependency */ = {
			isa = PBXTargetDependency;
			target = A00000000000000000000006 /* CirrondlyDesk */;
			targetProxy = A00000000000000000000012 /* PBXContainerItemProxy */;
		};
/* End PBXTargetDependency section */

/* Begin XCBuildConfiguration section */
		A0000000000000000000000C /* Debug */ = {
			isa = XCBuildConfiguration;
			buildSettings = {
				ALWAYS_SEARCH_USER_PATHS = NO;
				CLANG_ENABLE_MODULES = YES;
				CLANG_ENABLE_OBJC_ARC = YES;
				COPY_PHASE_STRIP = NO;
				DEBUG_INFORMATION_FORMAT = dwarf;
				ENABLE_STRICT_OBJC_MSGSEND = YES;
				GCC_C_LANGUAGE_STANDARD = gnu17;
				MACOSX_DEPLOYMENT_TARGET = 14.0;
				SDKROOT = macosx;
				SWIFT_VERSION = 5.9;
			};
			name = Debug;
		};
		A0000000000000000000000D /* Release */ = {
			isa = XCBuildConfiguration;
			buildSettings = {
				ALWAYS_SEARCH_USER_PATHS = NO;
				CLANG_ENABLE_MODULES = YES;
				CLANG_ENABLE_OBJC_ARC = YES;
				COPY_PHASE_STRIP = NO;
				DEBUG_INFORMATION_FORMAT = "dwarf-with-dsym";
				ENABLE_NS_ASSERTIONS = NO;
				ENABLE_STRICT_OBJC_MSGSEND = YES;
				GCC_C_LANGUAGE_STANDARD = gnu17;
				MACOSX_DEPLOYMENT_TARGET = 14.0;
				SDKROOT = macosx;
				SWIFT_COMPILATION_MODE = wholemodule;
				SWIFT_VERSION = 5.9;
			};
			name = Release;
		};
		A0000000000000000000000E /* Debug */ = {
			isa = XCBuildConfiguration;
			buildSettings = {
				ASSETCATALOG_COMPILER_APPICON_NAME = AppIcon;
				CODE_SIGN_STYLE = Automatic;
				CURRENT_PROJECT_VERSION = 1;
				DEVELOPMENT_TEAM = "";
				ENABLE_TESTABILITY = YES;
				ENABLE_HARDENED_RUNTIME = YES;
				GENERATE_INFOPLIST_FILE = NO;
				INFOPLIST_FILE = Config/Info.plist;
				LD_RUNPATH_SEARCH_PATHS = (
					"$(inherited)",
					"@executable_path/../Frameworks",
				);
				MARKETING_VERSION = 0.1.2;
				OTHER_LDFLAGS = (
					"$(inherited)",
					"-lsqlite3",
				);
				SWIFT_OPTIMIZATION_LEVEL = "-Onone";
				PRODUCT_BUNDLE_IDENTIFIER = com.cirrondly.desk.community;
				PRODUCT_NAME = "Cirrondly Desk Community";
				REGISTER_APP_GROUPS = NO;
				SWIFT_EMIT_LOC_STRINGS = YES;
			};
			name = Debug;
		};
		A0000000000000000000000F /* Release */ = {
			isa = XCBuildConfiguration;
			buildSettings = {
				ASSETCATALOG_COMPILER_APPICON_NAME = AppIcon;
				CODE_SIGN_STYLE = Automatic;
				CURRENT_PROJECT_VERSION = 1;
				DEVELOPMENT_TEAM = "";
				ENABLE_HARDENED_RUNTIME = YES;
				GENERATE_INFOPLIST_FILE = NO;
				INFOPLIST_FILE = Config/Info.plist;
				LD_RUNPATH_SEARCH_PATHS = (
					"$(inherited)",
					"@executable_path/../Frameworks",
				);
				MARKETING_VERSION = 0.1.2;
				OTHER_LDFLAGS = (
					"$(inherited)",
					"-lsqlite3",
				);
				PRODUCT_BUNDLE_IDENTIFIER = com.cirrondly.desk.community;
				PRODUCT_NAME = "Cirrondly Desk Community";
				REGISTER_APP_GROUPS = NO;
				SWIFT_EMIT_LOC_STRINGS = YES;
			};
			name = Release;
		};
		A00000000000000000000017 /* Debug */ = {
			isa = XCBuildConfiguration;
			buildSettings = {
				BUNDLE_LOADER = "$(TEST_HOST)";
				CODE_SIGN_STYLE = Automatic;
				CURRENT_PROJECT_VERSION = 1;
				DEVELOPMENT_TEAM = "";
				GENERATE_INFOPLIST_FILE = YES;
				LD_RUNPATH_SEARCH_PATHS = (
					"$(inherited)",
					"@executable_path/../Frameworks",
					"@loader_path/../Frameworks",
				);
				PRODUCT_BUNDLE_IDENTIFIER = com.cirrondly.desk.community.tests;
				PRODUCT_NAME = "$(TARGET_NAME)";
				SWIFT_OPTIMIZATION_LEVEL = "-Onone";
				SWIFT_EMIT_LOC_STRINGS = NO;
				TEST_HOST = "$(BUILT_PRODUCTS_DIR)/Cirrondly Desk Community.app/Contents/MacOS/Cirrondly Desk Community";
				TEST_TARGET_NAME = CirrondlyDesk;
			};
			name = Debug;
		};
		A00000000000000000000018 /* Release */ = {
			isa = XCBuildConfiguration;
			buildSettings = {
				BUNDLE_LOADER = "$(TEST_HOST)";
				CODE_SIGN_STYLE = Automatic;
				CURRENT_PROJECT_VERSION = 1;
				DEVELOPMENT_TEAM = "";
				GENERATE_INFOPLIST_FILE = YES;
				LD_RUNPATH_SEARCH_PATHS = (
					"$(inherited)",
					"@executable_path/../Frameworks",
					"@loader_path/../Frameworks",
				);
				PRODUCT_BUNDLE_IDENTIFIER = com.cirrondly.desk.community.tests;
				PRODUCT_NAME = "$(TARGET_NAME)";
				SWIFT_EMIT_LOC_STRINGS = NO;
				TEST_HOST = "$(BUILT_PRODUCTS_DIR)/Cirrondly Desk Community.app/Contents/MacOS/Cirrondly Desk Community";
				TEST_TARGET_NAME = CirrondlyDesk;
			};
			name = Release;
		};
/* End XCBuildConfiguration section */

/* Begin XCConfigurationList section */
		A00000000000000000000007 /* Build configuration list for PBXNativeTarget "CirrondlyDesk" */ = {
			isa = XCConfigurationList;
			buildConfigurations = (
				A0000000000000000000000E /* Debug */,
				A0000000000000000000000F /* Release */,
			);
			defaultConfigurationIsVisible = 0;
			defaultConfigurationName = Release;
		};
		A0000000000000000000000B /* Build configuration list for PBXProject "CirrondlyDesk" */ = {
			isa = XCConfigurationList;
			buildConfigurations = (
				A0000000000000000000000C /* Debug */,
				A0000000000000000000000D /* Release */,
			);
			defaultConfigurationIsVisible = 0;
			defaultConfigurationName = Release;
		};
		A00000000000000000000019 /* Build configuration list for PBXNativeTarget "CirrondlyDeskTests" */ = {
			isa = XCConfigurationList;
			buildConfigurations = (
				A00000000000000000000017 /* Debug */,
				A00000000000000000000018 /* Release */,
			);
			defaultConfigurationIsVisible = 0;
			defaultConfigurationName = Release;
		};
/* End XCConfigurationList section */
	};
	rootObject = A0000000000000000000000A /* Project object */;
}
